
Microsoft Visual Studio Solution File, Format Version 12.00
# Visual Studio Version 16
VisualStudioVersion = 16.0.29411.108
MinimumVisualStudioVersion = 10.0.40219.1
Project("{FAE04EC0-301F-11D3-BF4B-00C04F79EFBC}") = "EjemploConexionAPI", "EjemploConexionAPI.csproj", "{9CF51157-9A9E-4BEF-9BCD-44048A3CD34C}"
EndProject
Global
	GlobalSection(SolutionConfigurationPlatforms) = preSolution
		Debug|Any CPU = Debug|Any CPU
		Release|Any CPU = Release|Any CPU
	EndGlobalSection
	GlobalSection(ProjectConfigurationPlatforms) = postSolution
		{9CF51157-9A9E-4BEF-9BCD-44048A3CD34C}.Debug|Any CPU.ActiveCfg = Debug|Any CPU
		{9CF51157-9A9E-4BEF-9BCD-44048A3CD34C}.Debug|Any CPU.Build.0 = Debug|Any CPU
		{9CF51157-9A9E-4BEF-9BCD-44048A3CD34C}.Release|Any CPU.ActiveCfg = Release|Any CPU
		{9CF51157-9A9E-4BEF-9BCD-44048A3CD34C}.Release|Any CPU.Build.0 = Release|Any CPU
	EndGlobalSection
	GlobalSection(SolutionProperties) = preSolution
		HideSolutionNode = FALSE
	EndGlobalSection
	GlobalSection(ExtensibilityGlobals) = postSolution
		SolutionGuid = {BAC50C8C-D10A-4330-BE43-1A9E2113051E}
	EndGlobalSection
EndGlobal
